// !$*UTF8*$!
{
	archiveVersion = 1;
	classes = {
	};
	objectVersion = 50;
	objects = {

/* Begin PBXBuildFile section */
		3F6B5A362745B5DC0034B8FC /* AppDelegate.swift in Sources */ = {isa = PBXBuildFile; fileRef = 3F6B5A352745B5DC0034B8FC /* AppDelegate.swift */; };
		3F6B5A382745B5DC0034B8FC /* ViewController.swift in Sources */ = {isa = PBXBuildFile; fileRef = 3F6B5A372745B5DC0034B8FC /* ViewController.swift */; };
		3F6B5A3A2745B5DE0034B8FC /* Assets.xcassets in Resources */ = {isa = PBXBuildFile; fileRef = 3F6B5A392745B5DE0034B8FC /* Assets.xcassets */; };
		3F6B5A3D2745B5DE0034B8FC /* Main.storyboard in Resources */ = {isa = PBXBuildFile; fileRef = 3F6B5A3B2745B5DE0034B8FC /* Main.storyboard */; };
		3F6B5A462745B67A0034B8FC /* Intro.swift in Sources */ = {isa = PBXBuildFile; fileRef = 3F6B5A452745B6790034B8FC /* Intro.swift */; };
		3F6B5A482745B8B40034B8FC /* OddOne.swift in Sources */ = {isa = PBXBuildFile; fileRef = 3F6B5A472745B8B40034B8FC /* OddOne.swift */; };
		3F6B5A4A274DDD910034B8FC /* ClayGuy.swift in Sources */ = {isa = PBXBuildFile; fileRef = 3F6B5A49274DDD910034B8FC /* ClayGuy.swift */; };
/* End PBXBuildFile section */

/* Begin PBXFileReference section */
		3F6B5A322745B5DC0034B8FC /* amador_game.app */ = {isa = PBXFileReference; explicitFileType = wrapper.application; includeInIndex = 0; path = amador_game.app; sourceTree = BUILT_PRODUCTS_DIR; };
		3F6B5A352745B5DC0034B8FC /* AppDelegate.swift */ = {isa = PBXFileReference; lastKnownFileType = sourcecode.swift; path = AppDelegate.swift; sourceTree = "<group>"; };
		3F6B5A372745B5DC0034B8FC /* ViewController.swift */ = {isa = PBXFileReference; lastKnownFileType = sourcecode.swift; path = ViewController.swift; sourceTree = "<group>"; };
		3F6B5A392745B5DE0034B8FC /* Assets.xcassets */ = {isa = PBXFileReference; lastKnownFileType = folder.assetcatalog; path = Assets.xcassets; sourceTree = "<group>"; };
		3F6B5A3C2745B5DE0034B8FC /* Base */ = {isa = PBXFileReference; lastKnownFileType = file.storyboard; name = Base; path = Base.lproj/Main.storyboard; sourceTree = "<group>"; };
		3F6B5A3E2745B5DE0034B8FC /* Info.plist */ = {isa = PBXFileReference; lastKnownFileType = text.plist.xml; path = Info.plist; sourceTree = "<group>"; };
		3F6B5A3F2745B5DE0034B8FC /* amador_game.entitlements */ = {isa = PBXFileReference; lastKnownFileType = text.plist.entitlements; path = amador_game.entitlements; sourceTree = "<group>"; };
		3F6B5A452745B6790034B8FC /* Intro.swift */ = {isa = PBXFileReference; lastKnownFileType = sourcecode.swift; path = Intro.swift; sourceTree = "<group>"; };
		3F6B5A472745B8B40034B8FC /* OddOne.swift */ = {isa = PBXFileReference; lastKnownFileType = sourcecode.swift; path = OddOne.swift; sourceTree = "<group>"; };
		3F6B5A49274DDD910034B8FC /* ClayGuy.swift */ = {isa = PBXFileReference; lastKnownFileType = sourcecode.swift; path = ClayGuy.swift; sourceTree = "<group>"; };
/* End PBXFileReference section */

/* Begin PBXFrameworksBuildPhase section */
		3F6B5A2F2745B5DC0034B8FC /* Frameworks */ = {
			isa = PBXFrameworksBuildPhase;
			buildActionMask = 2147483647;
			files = (
			);
			runOnlyForDeploymentPostprocessing = 0;
		};
/* End PBXFrameworksBuildPhase section */

/* Begin PBXGroup section */
		3F6B5A292745B5DC0034B8FC = {
			isa = PBXGroup;
			children = (
				3F6B5A342745B5DC0034B8FC /* amador_game */,
				3F6B5A332745B5DC0034B8FC /* Products */,
			);
			sourceTree = "<group>";
		};
		3F6B5A332745B5DC0034B8FC /* Products */ = {
			isa = PBXGroup;
			children = (
				3F6B5A322745B5DC0034B8FC /* amador_game.app */,
			);
			name = Products;
			sourceTree = "<group>";
		};
		3F6B5A342745B5DC0034B8FC /* amador_game */ = {
			isa = PBXGroup;
			children = (
				3F6B5A352745B5DC0034B8FC /* AppDelegate.swift */,
				3F6B5A372745B5DC0034B8FC /* ViewController.swift */,
				3F6B5A452745B6790034B8FC /* Intro.swift */,
				3F6B5A392745B5DE0034B8FC /* Assets.xcassets */,
				3F6B5A3B2745B5DE0034B8FC /* Main.storyboard */,
				3F6B5A3E2745B5DE0034B8FC /* Info.plist */,
				3F6B5A3F2745B5DE0034B8FC /* amador_game.entitlements */,
				3F6B5A472745B8B40034B8FC /* OddOne.swift */,
				3F6B5A49274DDD910034B8FC /* ClayGuy.swift */,
			);
			path = amador_game;
			sourceTree = "<group>";
		};
/* End PBXGroup section */

/* Begin PBXNativeTarget section */
		3F6B5A312745B5DC0034B8FC /* amador_game */ = {
			isa = PBXNativeTarget;
			buildConfigurationList = 3F6B5A422745B5DE0034B8FC /* Build configuration list for PBXNativeTarget "amador_game" */;
			buildPhases = (
				3F6B5A2E2745B5DC0034B8FC /* Sources */,
				3F6B5A2F2745B5DC0034B8FC /* Frameworks */,
				3F6B5A302745B5DC0034B8FC /* Resources */,
			);
			buildRules = (
			);
			dependencies = (
			);
			name = amador_game;
			productName = amador_game;
			productReference = 3F6B5A322745B5DC0034B8FC /* amador_game.app */;
			productType = "com.apple.product-type.application";
		};
/* End PBXNativeTarget section */

/* Begin PBXProject section */
		3F6B5A2A2745B5DC0034B8FC /* Project object */ = {
			isa = PBXProject;
			attributes = {
				LastSwiftUpdateCheck = 1250;
				LastUpgradeCheck = 1250;
				TargetAttributes = {
					3F6B5A312745B5DC0034B8FC = {
						CreatedOnToolsVersion = 12.5.1;
					};
				};
			};
			buildConfigurationList = 3F6B5A2D2745B5DC0034B8FC /* Build configuration list for PBXProject "amador_game" */;
			compatibilityVersion = "Xcode 9.3";
			developmentRegion = en;
			hasScannedForEncodings = 0;
			knownRegions = (
				en,
				Base,
			);
			mainGroup = 3F6B5A292745B5DC0034B8FC;
			productRefGroup = 3F6B5A332745B5DC0034B8FC /* Products */;
			projectDirPath = "";
			projectRoot = "";
			targets = (
				3F6B5A312745B5DC0034B8FC /* amador_game */,
			);
		};
/* End PBXProject section */

/* Begin PBXResourcesBuildPhase section */
		3F6B5A302745B5DC0034B8FC /* Resources */ = {
			isa = PBXResourcesBuildPhase;
			buildActionMask = 2147483647;
			files = (
				3F6B5A3A2745B5DE0034B8FC /* Assets.xcassets in Resources */,
				3F6B5A3D2745B5DE0034B8FC /* Main.storyboard in Resources */,
			);
			runOnlyForDeploymentPostprocessing = 0;
		};
/* End PBXResourcesBuildPhase section */

/* Begin PBXSourcesBuildPhase section */
		3F6B5A2E2745B5DC0034B8FC /* Sources */ = {
			isa = PBXSourcesBuildPhase;
			buildActionMask = 2147483647;
			files = (
				3F6B5A482745B8B40034B8FC /* OddOne.swift in Sources */,
				3F6B5A382745B5DC0034B8FC /* ViewController.swift in Sources */,
				3F6B5A362745B5DC0034B8FC /* AppDelegate.swift in Sources */,
				3F6B5A462745B67A0034B8FC /* Intro.swift in Sources */,
				3F6B5A4A274DDD910034B8FC /* ClayGuy.swift in Sources */,
			);
			runOnlyForDeploymentPostprocessing = 0;
		};
/* End PBXSourcesBuildPhase section */

/* Begin PBXVariantGroup section */
		3F6B5A3B2745B5DE0034B8FC /* Main.storyboard */ = {
			isa = PBXVariantGroup;
			children = (
				3F6B5A3C2745B5DE0034B8FC /* Base */,
			);
			name = Main.storyboard;
			sourceTree = "<group>";
		};
/* End PBXVariantGroup section */

/* Begin XCBuildConfiguration section */
		3F6B5A402745B5DE0034B8FC /* Debug */ = {
			isa = XCBuildConfiguration;
			buildSettings = {
				ALWAYS_SEARCH_USER_PATHS = NO;
				CLANG_ANALYZER_NONNULL = YES;
				CLANG_ANALYZER_NUMBER_OBJECT_CONVERSION = YES_AGGRESSIVE;
				CLANG_CXX_LANGUAGE_STANDARD = "gnu++14";
				CLANG_CXX_LIBRARY = "libc++";
				CLANG_ENABLE_MODULES = YES;
				CLANG_ENABLE_OBJC_ARC = YES;
				CLANG_ENABLE_OBJC_WEAK = YES;
				CLANG_WARN_BLOCK_CAPTURE_AUTORELEASING = YES;
				CLANG_WARN_BOOL_CONVERSION = YES;
				CLANG_WARN_COMMA = YES;
				CLANG_WARN_CONSTANT_CONVERSION = YES;
				CLANG_WARN_DEPRECATED_OBJC_IMPLEMENTATIONS = YES;
				CLANG_WARN_DIRECT_OBJC_ISA_USAGE = YES_ERROR;
				CLANG_WARN_DOCUMENTATION_COMMENTS = YES;
				CLANG_WARN_EMPTY_BODY = YES;
				CLANG_WARN_ENUM_CONVERSION = YES;
				CLANG_WARN_INFINITE_RECURSION = YES;
				CLANG_WARN_INT_CONVERSION = YES;
				CLANG_WARN_NON_LITERAL_NULL_CONVERSION = YES;
				CLANG_WARN_OBJC_IMPLICIT_RETAIN_SELF = YES;
				CLANG_WARN_OBJC_LITERAL_CONVERSION = YES;
				CLANG_WARN_OBJC_ROOT_CLASS = YES_ERROR;
				CLANG_WARN_QUOTED_INCLUDE_IN_FRAMEWORK_HEADER = YES;
				CLANG_WARN_RANGE_LOOP_ANALYSIS = YES;
				CLANG_WARN_STRICT_PROTOTYPES = YES;
				CLANG_WARN_SUSPICIOUS_MOVE = YES;
				CLANG_WARN_UNGUARDED_AVAILABILITY = YES_AGGRESSIVE;
				CLANG_WARN_UNREACHABLE_CODE = YES;
				CLANG_WARN__DUPLICATE_METHOD_MATCH = YES;
				COPY_PHASE_STRIP = NO;
				DEBUG_INFORMATION_FORMAT = dwarf;
				ENABLE_STRICT_OBJC_MSGSEND = YES;
				ENABLE_TESTABILITY = YES;
				GCC_C_LANGUAGE_STANDARD = gnu11;
				GCC_DYNAMIC_NO_PIC = NO;
				GCC_NO_COMMON_BLOCKS = YES;
				GCC_OPTIMIZATION_LEVEL = 0;
				GCC_PREPROCESSOR_DEFINITIONS = (
					"DEBUG=1",
					"$(inherited)",
				);
				GCC_WARN_64_TO_32_BIT_CONVERSION = YES;
				GCC_WARN_ABOUT_RETURN_TYPE = YES_ERROR;
				GCC_WARN_UNDECLARED_SELECTOR = YES;
				GCC_WARN_UNINITIALIZED_AUTOS = YES_AGGRESSIVE;
				GCC_WARN_UNUSED_FUNCTION = YES;
				GCC_WARN_UNUSED_VARIABLE = YES;
				MACOSX_DEPLOYMENT_TARGET = 11.3;
				MTL_ENABLE_DEBUG_INFO = INCLUDE_SOURCE;
				MTL_FAST_MATH = YES;
				ONLY_ACTIVE_ARCH = YES;
				SDKROOT = macosx;
				SWIFT_ACTIVE_COMPILATION_CONDITIONS = DEBUG;
				SWIFT_OPTIMIZATION_LEVEL = "-Onone";
			};
			name = Debug;
		};
		3F6B5A412745B5DE0034B8FC /* Release */ = {
			isa = XCBuildConfiguration;
			buildSettings = {
				ALWAYS_SEARCH_USER_PATHS = NO;
				CLANG_ANALYZER_NONNULL = YES;
				CLANG_ANALYZER_NUMBER_OBJECT_CONVERSION = YES_AGGRESSIVE;
				CLANG_CXX_LANGUAGE_STANDARD = "gnu++14";
				CLANG_CXX_LIBRARY = "libc++";
				CLANG_ENABLE_MODULES = YES;
				CLANG_ENABLE_OBJC_ARC = YES;
				CLANG_ENABLE_OBJC_WEAK = YES;
				CLANG_WARN_BLOCK_CAPTURE_AUTORELEASING = YES;
				CLANG_WARN_BOOL_CONVERSION = YES;
				CLANG_WARN_COMMA = YES;
				CLANG_WARN_CONSTANT_CONVERSION = YES;
				CLANG_WARN_DEPRECATED_OBJC_IMPLEMENTATIONS = YES;
				CLANG_WARN_DIRECT_OBJC_ISA_USAGE = YES_ERROR;
				CLANG_WARN_DOCUMENTATION_COMMENTS = YES;
				CLANG_WARN_EMPTY_BODY = YES;
				CLANG_WARN_ENUM_CONVERSION = YES;
				CLANG_WARN_INFINITE_RECURSION = YES;
				CLANG_WARN_INT_CONVERSION = YES;
				CLANG_WARN_NON_LITERAL_NULL_CONVERSION = YES;
				CLANG_WARN_OBJC_IMPLICIT_RETAIN_SELF = YES;
				CLANG_WARN_OBJC_LITERAL_CONVERSION = YES;
				CLANG_WARN_OBJC_ROOT_CLASS = YES_ERROR;
				CLANG_WARN_QUOTED_INCLUDE_IN_FRAMEWORK_HEADER = YES;
				CLANG_WARN_RANGE_LOOP_ANALYSIS = YES;
				CLANG_WARN_STRICT_PROTOTYPES = YES;
				CLANG_WARN_SUSPICIOUS_MOVE = YES;
				CLANG_WARN_UNGUARDED_AVAILABILITY = YES_AGGRESSIVE;
				CLANG_WARN_UNREACHABLE_CODE = YES;
				CLANG_WARN__DUPLICATE_METHOD_MATCH = YES;
				COPY_PHASE_STRIP = NO;
				DEBUG_INFORMATION_FORMAT = "dwarf-with-dsym";
				ENABLE_NS_ASSERTIONS = NO;
				ENABLE_STRICT_OBJC_MSGSEND = YES;
				GCC_C_LANGUAGE_STANDARD = gnu11;
				GCC_NO_COMMON_BLOCKS = YES;
				GCC_WARN_64_TO_32_BIT_CONVERSION = YES;
				GCC_WARN_ABOUT_RETURN_TYPE = YES_ERROR;
				GCC_WARN_UNDECLARED_SELECTOR = YES;
				GCC_WARN_UNINITIALIZED_AUTOS = YES_AGGRESSIVE;
				GCC_WARN_UNUSED_FUNCTION = YES;
				GCC_WARN_UNUSED_VARIABLE = YES;
				MACOSX_DEPLOYMENT_TARGET = 11.3;
				MTL_ENABLE_DEBUG_INFO = NO;
				MTL_FAST_MATH = YES;
				SDKROOT = macosx;
				SWIFT_COMPILATION_MODE = wholemodule;
				SWIFT_OPTIMIZATION_LEVEL = "-O";
			};
			name = Release;
		};
		3F6B5A432745B5DE0034B8FC /* Debug */ = {
			isa = XCBuildConfiguration;
			buildSettings = {
				ASSETCATALOG_COMPILER_APPICON_NAME = AppIcon;
				ASSETCATALOG_COMPILER_GLOBAL_ACCENT_COLOR_NAME = AccentColor;
				CODE_SIGN_ENTITLEMENTS = amador_game/amador_game.entitlements;
				CODE_SIGN_STYLE = Automatic;
				COMBINE_HIDPI_IMAGES = YES;
				INFOPLIST_FILE = amador_game/Info.plist;
				LD_RUNPATH_SEARCH_PATHS = (
					"$(inherited)",
					"@executable_path/../Frameworks",
				);
				PRODUCT_BUNDLE_IDENTIFIER = "ame.asu.edu.amador-game";
				PRODUCT_NAME = "$(TARGET_NAME)";
				SWIFT_VERSION = 5.0;
			};
			name = Debug;
		};
		3F6B5A442745B5DE0034B8FC /* Release */ = {
			isa = XCBuildConfiguration;
			buildSettings = {
				ASSETCATALOG_COMPILER_APPICON_NAME = AppIcon;
				ASSETCATALOG_COMPILER_GLOBAL_ACCENT_COLOR_NAME = AccentColor;
				CODE_SIGN_ENTITLEMENTS = amador_game/amador_game.entitlements;
				CODE_SIGN_STYLE = Automatic;
				COMBINE_HIDPI_IMAGES = YES;
				INFOPLIST_FILE = amador_game/Info.plist;
				LD_RUNPATH_SEARCH_PATHS = (
					"$(inherited)",
					"@executable_path/../Frameworks",
				);
				PRODUCT_BUNDLE_IDENTIFIER = "ame.asu.edu.amador-game";
				PRODUCT_NAME = "$(TARGET_NAME)";
				SWIFT_VERSION = 5.0;
			};
			name = Release;
		};
/* End XCBuildConfiguration section */

/* Begin XCConfigurationList section */
		3F6B5A2D2745B5DC0034B8FC /* Build configuration list for PBXProject "amador_game" */ = {
			isa = XCConfigurationList;
			buildConfigurations = (
				3F6B5A402745B5DE0034B8FC /* Debug */,
				3F6B5A412745B5DE0034B8FC /* Release */,
			);
			defaultConfigurationIsVisible = 0;
			defaultConfigurationName = Release;
		};
		3F6B5A422745B5DE0034B8FC /* Build configuration list for PBXNativeTarget "amador_game" */ = {
			isa = XCConfigurationList;
			buildConfigurations = (
				3F6B5A432745B5DE0034B8FC /* Debug */,
				3F6B5A442745B5DE0034B8FC /* Release */,
			);
			defaultConfigurationIsVisible = 0;
			defaultConfigurationName = Release;
		};
/* End XCConfigurationList section */
	};
	rootObject = 3F6B5A2A2745B5DC0034B8FC /* Project object */;
}
